
Microsoft Visual Studio Solution File, Format Version 12.00
# Visual Studio 2013
VisualStudioVersion = 12.0.31101.0
MinimumVisualStudioVersion = 10.0.40219.1
Project("{FAE04EC0-301F-11D3-BF4B-00C04F79EFBC}") = "BookSheetMigratorInterface", "BookSheetMigratorInterface\BookSheetMigratorInterface.csproj", "{D9836A94-5FA6-4A93-BC5D-A1F1B87B0235}"
EndProject
Project("{FAE04EC0-301F-11D3-BF4B-00C04F79EFBC}") = "BookSheetMigratorInterface.Tests", "BookSheetMigratorInterface.Tests\BookSheetMigratorInterface.Tests.csproj", "{DDD09BF8-4B3F-4D38-852C-93714BC978C7}"
EndProject
Project("{FAE04EC0-301F-11D3-BF4B-00C04F79EFBC}") = "BookSheetMigration", "..\BookSheetMigration.Test\BookSheetMigration\BookSheetMigration.csproj", "{B85B5666-353B-4F1B-8C8D-CC2CF04C253E}"
EndProject
Global
	GlobalSection(SolutionConfigurationPlatforms) = preSolution
		Debug|Any CPU = Debug|Any CPU
		Release|Any CPU = Release|Any CPU
	EndGlobalSection
	GlobalSection(ProjectConfigurationPlatforms) = postSolution
		{D9836A94-5FA6-4A93-BC5D-A1F1B87B0235}.Debug|Any CPU.ActiveCfg = Debug|Any CPU
		{D9836A94-5FA6-4A93-BC5D-A1F1B87B0235}.Debug|Any CPU.Build.0 = Debug|Any CPU
		{D9836A94-5FA6-4A93-BC5D-A1F1B87B0235}.Release|Any CPU.ActiveCfg = Release|Any CPU
		{D9836A94-5FA6-4A93-BC5D-A1F1B87B0235}.Release|Any CPU.Build.0 = Release|Any CPU
		{DDD09BF8-4B3F-4D38-852C-93714BC978C7}.Debug|Any CPU.ActiveCfg = Debug|Any CPU
		{DDD09BF8-4B3F-4D38-852C-93714BC978C7}.Debug|Any CPU.Build.0 = Debug|Any CPU
		{DDD09BF8-4B3F-4D38-852C-93714BC978C7}.Release|Any CPU.ActiveCfg = Release|Any CPU
		{DDD09BF8-4B3F-4D38-852C-93714BC978C7}.Release|Any CPU.Build.0 = Release|Any CPU
		{B85B5666-353B-4F1B-8C8D-CC2CF04C253E}.Debug|Any CPU.ActiveCfg = Debug|Any CPU
		{B85B5666-353B-4F1B-8C8D-CC2CF04C253E}.Debug|Any CPU.Build.0 = Debug|Any CPU
		{B85B5666-353B-4F1B-8C8D-CC2CF04C253E}.Release|Any CPU.ActiveCfg = Release|Any CPU
		{B85B5666-353B-4F1B-8C8D-CC2CF04C253E}.Release|Any CPU.Build.0 = Release|Any CPU
	EndGlobalSection
	GlobalSection(SolutionProperties) = preSolution
		HideSolutionNode = FALSE
	EndGlobalSection
EndGlobal
